
Microsoft Visual Studio Solution File, Format Version 12.00
# Visual Studio Version 16
VisualStudioVersion = 16.0.29920.165
MinimumVisualStudioVersion = 10.0.40219.1
Project("{FAE04EC0-301F-11D3-BF4B-00C04F79EFBC}") = "WindowsFormsApp1", "WindowsFormsApp1\WindowsFormsApp1.csproj", "{70385AC6-C1A3-4754-8457-3B56C3B47860}"
EndProject
Global
	GlobalSection(SolutionConfigurationPlatforms) = preSolution
		Debug|Any CPU = Debug|Any CPU
		Release|Any CPU = Release|Any CPU
	EndGlobalSection
	GlobalSection(ProjectConfigurationPlatforms) = postSolution
		{70385AC6-C1A3-4754-8457-3B56C3B47860}.Debug|Any CPU.ActiveCfg = Debug|Any CPU
		{70385AC6-C1A3-4754-8457-3B56C3B47860}.Debug|Any CPU.Build.0 = Debug|Any CPU
		{70385AC6-C1A3-4754-8457-3B56C3B47860}.Release|Any CPU.ActiveCfg = Release|Any CPU
		{70385AC6-C1A3-4754-8457-3B56C3B47860}.Release|Any CPU.Build.0 = Release|Any CPU
	EndGlobalSection
	GlobalSection(SolutionProperties) = preSolution
		HideSolutionNode = FALSE
	EndGlobalSection
	GlobalSection(ExtensibilityGlobals) = postSolution
		SolutionGuid = {9A2CEC7C-4D07-4395-A7D1-47499B22EE7F}
	EndGlobalSection
EndGlobal
